
Microsoft Visual Studio Solution File, Format Version 12.00
# Visual Studio Version 17
VisualStudioVersion = 17.5.33627.172
MinimumVisualStudioVersion = 10.0.40219.1
Project("{FAE04EC0-301F-11D3-BF4B-00C04F79EFBC}") = "ProjetoCripto", "ProjetoCripto\ProjetoCripto.csproj", "{8B49A33E-DB88-4231-BE66-C68E6978F76A}"
EndProject
Global
	GlobalSection(SolutionConfigurationPlatforms) = preSolution
		Debug|Any CPU = Debug|Any CPU
		Release|Any CPU = Release|Any CPU
	EndGlobalSection
	GlobalSection(ProjectConfigurationPlatforms) = postSolution
		{8B49A33E-DB88-4231-BE66-C68E6978F76A}.Debug|Any CPU.ActiveCfg = Debug|Any CPU
		{8B49A33E-DB88-4231-BE66-C68E6978F76A}.Debug|Any CPU.Build.0 = Debug|Any CPU
		{8B49A33E-DB88-4231-BE66-C68E6978F76A}.Release|Any CPU.ActiveCfg = Release|Any CPU
		{8B49A33E-DB88-4231-BE66-C68E6978F76A}.Release|Any CPU.Build.0 = Release|Any CPU
	EndGlobalSection
	GlobalSection(SolutionProperties) = preSolution
		HideSolutionNode = FALSE
	EndGlobalSection
	GlobalSection(ExtensibilityGlobals) = postSolution
		SolutionGuid = {B1ACB664-2FD0-46EF-A3FC-5D86E3D809FE}
	EndGlobalSection
EndGlobal
